# This file is autogenerated, do not edit; changes may be undone by the next 'dep ensure'.


[[projects]]
  digest = "1:5e73b34a27d827212102605789de00bd411b2e434812133c83935fe9897c75e1"
  name = "github.com/philhofer/fwd"
  packages = ["."]
  pruneopts = "UT"
  revision = "bb6d471dc95d4fe11e432687f8b70ff496cf3136"
  version = "v1.0.0"

[[projects]]
  digest = "1:c97e8a5e5c435c3287f581cdb4441ba34577ec6ead8422bfedafa6269af7abf6"
  name = "github.com/tinylib/msgp"
  packages = ["msgp"]
  pruneopts = "UT"
  revision = "af6442a0fcf6e2a1b824f70dd0c734f01e817751"
  version = "v1.1.0"

[[projects]]
  branch = "master"
  digest = "1:eb4aadf8242da7e44bdb806884f9526d0f53c58d9308af25511484951e2281eb"
  name = "golang.org/x/sys"
  packages = ["windows"]
  pruneopts = "UT"
  revision = "15dcb6c0061f497a3f66e3ea034b629c6dd4d99e"

[[projects]]
  digest = "1:5e6190672261e889cdde5a163e11999f248a86ceae68a45c9bd082d06921c080"
  name = "gopkg.in/DataDog/dd-trace-go.v1"
  packages = [
    "contrib/internal/httputil",
    "contrib/internal/lists",
    "contrib/net/http",
    "ddtrace",
    "ddtrace/ext",
    "ddtrace/internal",
    "ddtrace/tracer",
    "internal/globalconfig",
    "internal/log",
    "internal/version",
  ]
  pruneopts = "UT"
  revision = "8d2998bc69008aa4553846ac9a044aa730bd4ce4"
  version = "v1.15.0"

[solve-meta]
  analyzer-name = "dep"
  analyzer-version = 1
  input-imports = [
    "gopkg.in/DataDog/dd-trace-go.v1/contrib/net/http",
    "gopkg.in/DataDog/dd-trace-go.v1/ddtrace/tracer",
  ]
  solver-name = "gps-cdcl"
  solver-version = 1
